github.com/UnipayFI/json v0.0.0-20250427052530-1311881935d4 h1:vG76Lc8w5WFqpgLZnj2vjWw8/vCRkBucCuqh7ys2Gr8=
github.com/UnipayFI/json v0.0.0-20250427052530-1311881935d4/go.mod h1:TiCD2a1pcmjd7YnhGH0f/zKNcCD06B029pHhzV23c2M=
github.com/gorilla/websocket v1.5.3 h1:saDtZ6Pbx/0u+bgYQ3q96pZgCzfhKXGPqt7kZ72aNNg=
github.com/gorilla/websocket v1.5.3/go.mod h1:YR8l580nyteQvAITg2hZ9XVh4b55+EU/adAjf1fMHhE=
golang.org/x/net v0.38.0 h1:vRMAPTMaeGqVhG5QyLJHqNDwecKTomGeqbnfZyKlBI8=
golang.org/x/net v0.38.0/go.mod h1:ivrbrMbzFq5J41QOQh0siUuly180yBYtLp+CKbEaFx8=
resty.dev/v3 v3.0.0-beta.2 h1:xu4mGAdbCLuc3kbk7eddWfWm4JfhwDtdapwss5nCjnQ=
resty.dev/v3 v3.0.0-beta.2/go.mod h1:OgkqiPvTDtOuV4MGZuUDhwOpkY8enjOsjjMzeOHefy4=
